name: Build and Test

on:
  push:
    branches: [ main, develop ]
  pull_request:
    branches: [ main ]
  workflow_dispatch:

jobs:
  build:
    runs-on: ubuntu-latest
    
    steps:
    - uses: actions/checkout@v4
    
    - name: Use Node.js 22
      uses: actions/setup-node@v4
      with:
        node-version: 22.x
    
    - name: Generate package-lock.json if missing
      run: |
        if [ ! -f package-lock.json ]; then
          echo "📦 package-lock.json not found, generating..."
          npm install --package-lock-only --legacy-peer-deps
        fi
    
    - name: Install dependencies
      run: |
        if [ -f package-lock.json ]; then
          npm ci --legacy-peer-deps
        else
          npm install --legacy-peer-deps
        fi
      env:
        NODE_OPTIONS: --max-old-space-size=4096
    
    - name: Build
      run: npm run build
      env:
        NODE_OPTIONS: --max-old-space-size=4096
